
Microsoft Visual Studio Solution File, Format Version 12.00
# Visual Studio Version 16
VisualStudioVersion = 16.0.29728.190
MinimumVisualStudioVersion = 10.0.40219.1
Project("{00D1A9C2-B5F0-4AF3-8072-F6C62B433612}") = "DBA", "DBA.sqlproj", "{D9CA2C28-4138-4D26-A885-99EF4041A830}"
EndProject
Global
	GlobalSection(SolutionConfigurationPlatforms) = preSolution
		Debug|Any CPU = Debug|Any CPU
		Release|Any CPU = Release|Any CPU
	EndGlobalSection
	GlobalSection(ProjectConfigurationPlatforms) = postSolution
		{D9CA2C28-4138-4D26-A885-99EF4041A830}.Debug|Any CPU.ActiveCfg = Debug|Any CPU
		{D9CA2C28-4138-4D26-A885-99EF4041A830}.Debug|Any CPU.Build.0 = Debug|Any CPU
		{D9CA2C28-4138-4D26-A885-99EF4041A830}.Release|Any CPU.ActiveCfg = Release|Any CPU
		{D9CA2C28-4138-4D26-A885-99EF4041A830}.Release|Any CPU.Build.0 = Release|Any CPU
		{D9CA2C28-4138-4D26-A885-99EF4041A830}.Release|Any CPU.Deploy.0 = Release|Any CPU
	EndGlobalSection
	GlobalSection(SolutionProperties) = preSolution
		HideSolutionNode = FALSE
	EndGlobalSection
	GlobalSection(ExtensibilityGlobals) = postSolution
		SolutionGuid = {D42642C1-1E91-414A-93FB-BDBC2D8AAC69}
	EndGlobalSection
EndGlobal
